
Microsoft Visual Studio Solution File, Format Version 12.00
# Visual Studio Version 16
VisualStudioVersion = 16.0.32602.291
MinimumVisualStudioVersion = 10.0.40219.1
Project("{8BC9CEB8-8B4A-11D0-8D11-00A0C91BC942}") = "Ch2", "Ch2\Ch2.vcxproj", "{ECC64C4D-3E5B-4752-A41E-25F1F5B88184}"
EndProject
Project("{8BC9CEB8-8B4A-11D0-8D11-00A0C91BC942}") = "Ch3", "Ch3\Ch3.vcxproj", "{2ACA0283-EEFF-49F6-A631-5121BDD80BB6}"
EndProject
Project("{8BC9CEB8-8B4A-11D0-8D11-00A0C91BC942}") = "ch4_1", "ch4_1\ch4_1.vcxproj", "{569C5600-3E90-4E19-84CD-B019B8BC8113}"
EndProject
Project("{8BC9CEB8-8B4A-11D0-8D11-00A0C91BC942}") = "ch4_2", "ch4_2\ch4_2.vcxproj", "{0D741D7D-81FC-4EC4-92B2-2B7A9380E242}"
EndProject
Project("{8BC9CEB8-8B4A-11D0-8D11-00A0C91BC942}") = "ch5_1", "ch5_1\ch5_1.vcxproj", "{7EA75417-D0BA-44E2-998D-ECFBA0C18631}"
EndProject
Project("{8BC9CEB8-8B4A-11D0-8D11-00A0C91BC942}") = "ch5_2", "ch5_2\ch5_2.vcxproj", "{04987D82-D284-41A5-999D-6D6F4AA53BAA}"
EndProject
Project("{8BC9CEB8-8B4A-11D0-8D11-00A0C91BC942}") = "ch5_3", "ch5_3\ch5_3.vcxproj", "{702AE907-FFC0-49CF-91E8-753983E436CA}"
EndProject
Project("{8BC9CEB8-8B4A-11D0-8D11-00A0C91BC942}") = "ch5_4", "ch5_4\ch5_4.vcxproj", "{91D9806E-148B-4E82-8C98-BBEB01D10C9C}"
EndProject
Project("{8BC9CEB8-8B4A-11D0-8D11-00A0C91BC942}") = "ch5_5", "ch5_5\ch5_5.vcxproj", "{1FE1A574-08A7-4A4A-A904-EE2283797781}"
EndProject
Project("{8BC9CEB8-8B4A-11D0-8D11-00A0C91BC942}") = "ch5_6", "ch5_6\ch5_6.vcxproj", "{126D3132-8CF0-41D6-B05F-EB4A79108455}"
EndProject
Project("{8BC9CEB8-8B4A-11D0-8D11-00A0C91BC942}") = "ch5_7", "ch5_7\ch5_7.vcxproj", "{908AB139-D5A0-4906-9AB3-7B6653384A84}"
EndProject
Project("{8BC9CEB8-8B4A-11D0-8D11-00A0C91BC942}") = "ch6_1", "ch6_1\ch6_1.vcxproj", "{3AB159EB-9417-4C23-A193-5829189F7B81}"
EndProject
Project("{8BC9CEB8-8B4A-11D0-8D11-00A0C91BC942}") = "ch7_1", "ch7_1\ch7_1.vcxproj", "{4B4F0FB1-7803-4F43-B792-3BEFE2846B62}"
EndProject
Project("{8BC9CEB8-8B4A-11D0-8D11-00A0C91BC942}") = "ch7_2", "ch7_2\ch7_2.vcxproj", "{8FAFB4BC-F229-4052-8EE9-D00FBDFAC95D}"
EndProject
Project("{8BC9CEB8-8B4A-11D0-8D11-00A0C91BC942}") = "ch7_3", "ch7_3\ch7_3.vcxproj", "{A3E49EF1-EB98-4385-B192-BBA5F7C1EFB8}"
EndProject
Project("{8BC9CEB8-8B4A-11D0-8D11-00A0C91BC942}") = "ch7_4", "ch7_4\ch7_4.vcxproj", "{007340D4-5349-4FF3-9271-CA45EE88BE76}"
EndProject
Project("{8BC9CEB8-8B4A-11D0-8D11-00A0C91BC942}") = "ch8_1", "ch8_1\ch8_1.vcxproj", "{78FFD80B-2E96-443F-9E38-150628C2E6C0}"
EndProject
Project("{8BC9CEB8-8B4A-11D0-8D11-00A0C91BC942}") = "ch8_2", "ch8_2\ch8_2.vcxproj", "{89E102B4-CD31-4E9B-9322-2777EAA23802}"
EndProject
Project("{8BC9CEB8-8B4A-11D0-8D11-00A0C91BC942}") = "ch9", "ch9\ch9.vcxproj", "{37DF247D-6797-48BC-AD4C-E40B8722F5A8}"
EndProject
Project("{8BC9CEB8-8B4A-11D0-8D11-00A0C91BC942}") = "ch10", "ch10\ch10.vcxproj", "{F3BE52E9-0FBD-4EB7-B0C8-B683E0AA3778}"
EndProject
Project("{8BC9CEB8-8B4A-11D0-8D11-00A0C91BC942}") = "ch5_0", "ch5_0\ch5_0.vcxproj", "{3EEE26D9-C86F-410E-A45B-E56EE724A4D4}"
EndProject
Global
	GlobalSection(SolutionConfigurationPlatforms) = preSolution
		Debug|x64 = Debug|x64
		Debug|x86 = Debug|x86
		Release|x64 = Release|x64
		Release|x86 = Release|x86
	EndGlobalSection
	GlobalSection(ProjectConfigurationPlatforms) = postSolution
		{ECC64C4D-3E5B-4752-A41E-25F1F5B88184}.Debug|x64.ActiveCfg = Debug|x64
		{ECC64C4D-3E5B-4752-A41E-25F1F5B88184}.Debug|x64.Build.0 = Debug|x64
		{ECC64C4D-3E5B-4752-A41E-25F1F5B88184}.Debug|x86.ActiveCfg = Debug|Win32
		{ECC64C4D-3E5B-4752-A41E-25F1F5B88184}.Debug|x86.Build.0 = Debug|Win32
		{ECC64C4D-3E5B-4752-A41E-25F1F5B88184}.Release|x64.ActiveCfg = Release|x64
		{ECC64C4D-3E5B-4752-A41E-25F1F5B88184}.Release|x64.Build.0 = Release|x64
		{ECC64C4D-3E5B-4752-A41E-25F1F5B88184}.Release|x86.ActiveCfg = Release|Win32
		{ECC64C4D-3E5B-4752-A41E-25F1F5B88184}.Release|x86.Build.0 = Release|Win32
		{2ACA0283-EEFF-49F6-A631-5121BDD80BB6}.Debug|x64.ActiveCfg = Debug|x64
		{2ACA0283-EEFF-49F6-A631-5121BDD80BB6}.Debug|x64.Build.0 = Debug|x64
		{2ACA0283-EEFF-49F6-A631-5121BDD80BB6}.Debug|x86.ActiveCfg = Debug|Win32
		{2ACA0283-EEFF-49F6-A631-5121BDD80BB6}.Debug|x86.Build.0 = Debug|Win32
		{2ACA0283-EEFF-49F6-A631-5121BDD80BB6}.Release|x64.ActiveCfg = Release|x64
		{2ACA0283-EEFF-49F6-A631-5121BDD80BB6}.Release|x64.Build.0 = Release|x64
		{2ACA0283-EEFF-49F6-A631-5121BDD80BB6}.Release|x86.ActiveCfg = Release|Win32
		{2ACA0283-EEFF-49F6-A631-5121BDD80BB6}.Release|x86.Build.0 = Release|Win32
		{569C5600-3E90-4E19-84CD-B019B8BC8113}.Debug|x64.ActiveCfg = Debug|x64
		{569C5600-3E90-4E19-84CD-B019B8BC8113}.Debug|x64.Build.0 = Debug|x64
		{569C5600-3E90-4E19-84CD-B019B8BC8113}.Debug|x86.ActiveCfg = Debug|Win32
		{569C5600-3E90-4E19-84CD-B019B8BC8113}.Debug|x86.Build.0 = Debug|Win32
		{569C5600-3E90-4E19-84CD-B019B8BC8113}.Release|x64.ActiveCfg = Release|x64
		{569C5600-3E90-4E19-84CD-B019B8BC8113}.Release|x64.Build.0 = Release|x64
		{569C5600-3E90-4E19-84CD-B019B8BC8113}.Release|x86.ActiveCfg = Release|Win32
		{569C5600-3E90-4E19-84CD-B019B8BC8113}.Release|x86.Build.0 = Release|Win32
		{0D741D7D-81FC-4EC4-92B2-2B7A9380E242}.Debug|x64.ActiveCfg = Debug|x64
		{0D741D7D-81FC-4EC4-92B2-2B7A9380E242}.Debug|x64.Build.0 = Debug|x64
		{0D741D7D-81FC-4EC4-92B2-2B7A9380E242}.Debug|x86.ActiveCfg = Debug|Win32
		{0D741D7D-81FC-4EC4-92B2-2B7A9380E242}.Debug|x86.Build.0 = Debug|Win32
		{0D741D7D-81FC-4EC4-92B2-2B7A9380E242}.Release|x64.ActiveCfg = Release|x64
		{0D741D7D-81FC-4EC4-92B2-2B7A9380E242}.Release|x64.Build.0 = Release|x64
		{0D741D7D-81FC-4EC4-92B2-2B7A9380E242}.Release|x86.ActiveCfg = Release|Win32
		{0D741D7D-81FC-4EC4-92B2-2B7A9380E242}.Release|x86.Build.0 = Release|Win32
		{7EA75417-D0BA-44E2-998D-ECFBA0C18631}.Debug|x64.ActiveCfg = Debug|x64
		{7EA75417-D0BA-44E2-998D-ECFBA0C18631}.Debug|x64.Build.0 = Debug|x64
		{7EA75417-D0BA-44E2-998D-ECFBA0C18631}.Debug|x86.ActiveCfg = Debug|Win32
		{7EA75417-D0BA-44E2-998D-ECFBA0C18631}.Debug|x86.Build.0 = Debug|Win32
		{7EA75417-D0BA-44E2-998D-ECFBA0C18631}.Release|x64.ActiveCfg = Release|x64
		{7EA75417-D0BA-44E2-998D-ECFBA0C18631}.Release|x64.Build.0 = Release|x64
		{7EA75417-D0BA-44E2-998D-ECFBA0C18631}.Release|x86.ActiveCfg = Release|Win32
		{7EA75417-D0BA-44E2-998D-ECFBA0C18631}.Release|x86.Build.0 = Release|Win32
		{04987D82-D284-41A5-999D-6D6F4AA53BAA}.Debug|x64.ActiveCfg = Debug|x64
		{04987D82-D284-41A5-999D-6D6F4AA53BAA}.Debug|x64.Build.0 = Debug|x64
		{04987D82-D284-41A5-999D-6D6F4AA53BAA}.Debug|x86.ActiveCfg = Debug|Win32
		{04987D82-D284-41A5-999D-6D6F4AA53BAA}.Debug|x86.Build.0 = Debug|Win32
		{04987D82-D284-41A5-999D-6D6F4AA53BAA}.Release|x64.ActiveCfg = Release|x64
		{04987D82-D284-41A5-999D-6D6F4AA53BAA}.Release|x64.Build.0 = Release|x64
		{04987D82-D284-41A5-999D-6D6F4AA53BAA}.Release|x86.ActiveCfg = Release|Win32
		{04987D82-D284-41A5-999D-6D6F4AA53BAA}.Release|x86.Build.0 = Release|Win32
		{702AE907-FFC0-49CF-91E8-753983E436CA}.Debug|x64.ActiveCfg = Debug|x64
		{702AE907-FFC0-49CF-91E8-753983E436CA}.Debug|x64.Build.0 = Debug|x64
		{702AE907-FFC0-49CF-91E8-753983E436CA}.Debug|x86.ActiveCfg = Debug|Win32
		{702AE907-FFC0-49CF-91E8-753983E436CA}.Debug|x86.Build.0 = Debug|Win32
		{702AE907-FFC0-49CF-91E8-753983E436CA}.Release|x64.ActiveCfg = Release|x64
		{702AE907-FFC0-49CF-91E8-753983E436CA}.Release|x64.Build.0 = Release|x64
		{702AE907-FFC0-49CF-91E8-753983E436CA}.Release|x86.ActiveCfg = Release|Win32
		{702AE907-FFC0-49CF-91E8-753983E436CA}.Release|x86.Build.0 = Release|Win32
		{91D9806E-148B-4E82-8C98-BBEB01D10C9C}.Debug|x64.ActiveCfg = Debug|x64
		{91D9806E-148B-4E82-8C98-BBEB01D10C9C}.Debug|x64.Build.0 = Debug|x64
		{91D9806E-148B-4E82-8C98-BBEB01D10C9C}.Debug|x86.ActiveCfg = Debug|Win32
		{91D9806E-148B-4E82-8C98-BBEB01D10C9C}.Debug|x86.Build.0 = Debug|Win32
		{91D9806E-148B-4E82-8C98-BBEB01D10C9C}.Release|x64.ActiveCfg = Release|x64
		{91D9806E-148B-4E82-8C98-BBEB01D10C9C}.Release|x64.Build.0 = Release|x64
		{91D9806E-148B-4E82-8C98-BBEB01D10C9C}.Release|x86.ActiveCfg = Release|Win32
		{91D9806E-148B-4E82-8C98-BBEB01D10C9C}.Release|x86.Build.0 = Release|Win32
		{1FE1A574-08A7-4A4A-A904-EE2283797781}.Debug|x64.ActiveCfg = Debug|x64
		{1FE1A574-08A7-4A4A-A904-EE2283797781}.Debug|x64.Build.0 = Debug|x64
		{1FE1A574-08A7-4A4A-A904-EE2283797781}.Debug|x86.ActiveCfg = Debug|Win32
		{1FE1A574-08A7-4A4A-A904-EE2283797781}.Debug|x86.Build.0 = Debug|Win32
		{1FE1A574-08A7-4A4A-A904-EE2283797781}.Release|x64.ActiveCfg = Release|x64
		{1FE1A574-08A7-4A4A-A904-EE2283797781}.Release|x64.Build.0 = Release|x64
		{1FE1A574-08A7-4A4A-A904-EE2283797781}.Release|x86.ActiveCfg = Release|Win32
		{1FE1A574-08A7-4A4A-A904-EE2283797781}.Release|x86.Build.0 = Release|Win32
		{126D3132-8CF0-41D6-B05F-EB4A79108455}.Debug|x64.ActiveCfg = Debug|x64
		{126D3132-8CF0-41D6-B05F-EB4A79108455}.Debug|x64.Build.0 = Debug|x64
		{126D3132-8CF0-41D6-B05F-EB4A79108455}.Debug|x86.ActiveCfg = Debug|Win32
		{126D3132-8CF0-41D6-B05F-EB4A79108455}.Debug|x86.Build.0 = Debug|Win32
		{126D3132-8CF0-41D6-B05F-EB4A79108455}.Release|x64.ActiveCfg = Release|x64
		{126D3132-8CF0-41D6-B05F-EB4A79108455}.Release|x64.Build.0 = Release|x64
		{126D3132-8CF0-41D6-B05F-EB4A79108455}.Release|x86.ActiveCfg = Release|Win32
		{126D3132-8CF0-41D6-B05F-EB4A79108455}.Release|x86.Build.0 = Release|Win32
		{908AB139-D5A0-4906-9AB3-7B6653384A84}.Debug|x64.ActiveCfg = Debug|x64
		{908AB139-D5A0-4906-9AB3-7B6653384A84}.Debug|x64.Build.0 = Debug|x64
		{908AB139-D5A0-4906-9AB3-7B6653384A84}.Debug|x86.ActiveCfg = Debug|Win32
		{908AB139-D5A0-4906-9AB3-7B6653384A84}.Debug|x86.Build.0 = Debug|Win32
		{908AB139-D5A0-4906-9AB3-7B6653384A84}.Release|x64.ActiveCfg = Release|x64
		{908AB139-D5A0-4906-9AB3-7B6653384A84}.Release|x64.Build.0 = Release|x64
		{908AB139-D5A0-4906-9AB3-7B6653384A84}.Release|x86.ActiveCfg = Release|Win32
		{908AB139-D5A0-4906-9AB3-7B6653384A84}.Release|x86.Build.0 = Release|Win32
		{3AB159EB-9417-4C23-A193-5829189F7B81}.Debug|x64.ActiveCfg = Debug|x64
		{3AB159EB-9417-4C23-A193-5829189F7B81}.Debug|x64.Build.0 = Debug|x64
		{3AB159EB-9417-4C23-A193-5829189F7B81}.Debug|x86.ActiveCfg = Debug|Win32
		{3AB159EB-9417-4C23-A193-5829189F7B81}.Debug|x86.Build.0 = Debug|Win32
		{3AB159EB-9417-4C23-A193-5829189F7B81}.Release|x64.ActiveCfg = Release|x64
		{3AB159EB-9417-4C23-A193-5829189F7B81}.Release|x64.Build.0 = Release|x64
		{3AB159EB-9417-4C23-A193-5829189F7B81}.Release|x86.ActiveCfg = Release|Win32
		{3AB159EB-9417-4C23-A193-5829189F7B81}.Release|x86.Build.0 = Release|Win32
		{4B4F0FB1-7803-4F43-B792-3BEFE2846B62}.Debug|x64.ActiveCfg = Debug|x64
		{4B4F0FB1-7803-4F43-B792-3BEFE2846B62}.Debug|x64.Build.0 = Debug|x64
		{4B4F0FB1-7803-4F43-B792-3BEFE2846B62}.Debug|x86.ActiveCfg = Debug|Win32
		{4B4F0FB1-7803-4F43-B792-3BEFE2846B62}.Debug|x86.Build.0 = Debug|Win32
		{4B4F0FB1-7803-4F43-B792-3BEFE2846B62}.Release|x64.ActiveCfg = Release|x64
		{4B4F0FB1-7803-4F43-B792-3BEFE2846B62}.Release|x64.Build.0 = Release|x64
		{4B4F0FB1-7803-4F43-B792-3BEFE2846B62}.Release|x86.ActiveCfg = Release|Win32
		{4B4F0FB1-7803-4F43-B792-3BEFE2846B62}.Release|x86.Build.0 = Release|Win32
		{8FAFB4BC-F229-4052-8EE9-D00FBDFAC95D}.Debug|x64.ActiveCfg = Debug|x64
		{8FAFB4BC-F229-4052-8EE9-D00FBDFAC95D}.Debug|x64.Build.0 = Debug|x64
		{8FAFB4BC-F229-4052-8EE9-D00FBDFAC95D}.Debug|x86.ActiveCfg = Debug|Win32
		{8FAFB4BC-F229-4052-8EE9-D00FBDFAC95D}.Debug|x86.Build.0 = Debug|Win32
		{8FAFB4BC-F229-4052-8EE9-D00FBDFAC95D}.Release|x64.ActiveCfg = Release|x64
		{8FAFB4BC-F229-4052-8EE9-D00FBDFAC95D}.Release|x64.Build.0 = Release|x64
		{8FAFB4BC-F229-4052-8EE9-D00FBDFAC95D}.Release|x86.ActiveCfg = Release|Win32
		{8FAFB4BC-F229-4052-8EE9-D00FBDFAC95D}.Release|x86.Build.0 = Release|Win32
		{A3E49EF1-EB98-4385-B192-BBA5F7C1EFB8}.Debug|x64.ActiveCfg = Debug|x64
		{A3E49EF1-EB98-4385-B192-BBA5F7C1EFB8}.Debug|x64.Build.0 = Debug|x64
		{A3E49EF1-EB98-4385-B192-BBA5F7C1EFB8}.Debug|x86.ActiveCfg = Debug|Win32
		{A3E49EF1-EB98-4385-B192-BBA5F7C1EFB8}.Debug|x86.Build.0 = Debug|Win32
		{A3E49EF1-EB98-4385-B192-BBA5F7C1EFB8}.Release|x64.ActiveCfg = Release|x64
		{A3E49EF1-EB98-4385-B192-BBA5F7C1EFB8}.Release|x64.Build.0 = Release|x64
		{A3E49EF1-EB98-4385-B192-BBA5F7C1EFB8}.Release|x86.ActiveCfg = Release|Win32
		{A3E49EF1-EB98-4385-B192-BBA5F7C1EFB8}.Release|x86.Build.0 = Release|Win32
		{007340D4-5349-4FF3-9271-CA45EE88BE76}.Debug|x64.ActiveCfg = Debug|x64
		{007340D4-5349-4FF3-9271-CA45EE88BE76}.Debug|x64.Build.0 = Debug|x64
		{007340D4-5349-4FF3-9271-CA45EE88BE76}.Debug|x86.ActiveCfg = Debug|Win32
		{007340D4-5349-4FF3-9271-CA45EE88BE76}.Debug|x86.Build.0 = Debug|Win32
		{007340D4-5349-4FF3-9271-CA45EE88BE76}.Release|x64.ActiveCfg = Release|x64
		{007340D4-5349-4FF3-9271-CA45EE88BE76}.Release|x64.Build.0 = Release|x64
		{007340D4-5349-4FF3-9271-CA45EE88BE76}.Release|x86.ActiveCfg = Release|Win32
		{007340D4-5349-4FF3-9271-CA45EE88BE76}.Release|x86.Build.0 = Release|Win32
		{78FFD80B-2E96-443F-9E38-150628C2E6C0}.Debug|x64.ActiveCfg = Debug|x64
		{78FFD80B-2E96-443F-9E38-150628C2E6C0}.Debug|x64.Build.0 = Debug|x64
		{78FFD80B-2E96-443F-9E38-150628C2E6C0}.Debug|x86.ActiveCfg = Debug|Win32
		{78FFD80B-2E96-443F-9E38-150628C2E6C0}.Debug|x86.Build.0 = Debug|Win32
		{78FFD80B-2E96-443F-9E38-150628C2E6C0}.Release|x64.ActiveCfg = Release|x64
		{78FFD80B-2E96-443F-9E38-150628C2E6C0}.Release|x64.Build.0 = Release|x64
		{78FFD80B-2E96-443F-9E38-150628C2E6C0}.Release|x86.ActiveCfg = Release|Win32
		{78FFD80B-2E96-443F-9E38-150628C2E6C0}.Release|x86.Build.0 = Release|Win32
		{89E102B4-CD31-4E9B-9322-2777EAA23802}.Debug|x64.ActiveCfg = Debug|x64
		{89E102B4-CD31-4E9B-9322-2777EAA23802}.Debug|x64.Build.0 = Debug|x64
		{89E102B4-CD31-4E9B-9322-2777EAA23802}.Debug|x86.ActiveCfg = Debug|Win32
		{89E102B4-CD31-4E9B-9322-2777EAA23802}.Debug|x86.Build.0 = Debug|Win32
		{89E102B4-CD31-4E9B-9322-2777EAA23802}.Release|x64.ActiveCfg = Release|x64
		{89E102B4-CD31-4E9B-9322-2777EAA23802}.Release|x64.Build.0 = Release|x64
		{89E102B4-CD31-4E9B-9322-2777EAA23802}.Release|x86.ActiveCfg = Release|Win32
		{89E102B4-CD31-4E9B-9322-2777EAA23802}.Release|x86.Build.0 = Release|Win32
		{37DF247D-6797-48BC-AD4C-E40B8722F5A8}.Debug|x64.ActiveCfg = Debug|x64
		{37DF247D-6797-48BC-AD4C-E40B8722F5A8}.Debug|x64.Build.0 = Debug|x64
		{37DF247D-6797-48BC-AD4C-E40B8722F5A8}.Debug|x86.ActiveCfg = Debug|Win32
		{37DF247D-6797-48BC-AD4C-E40B8722F5A8}.Debug|x86.Build.0 = Debug|Win32
		{37DF247D-6797-48BC-AD4C-E40B8722F5A8}.Release|x64.ActiveCfg = Release|x64
		{37DF247D-6797-48BC-AD4C-E40B8722F5A8}.Release|x64.Build.0 = Release|x64
		{37DF247D-6797-48BC-AD4C-E40B8722F5A8}.Release|x86.ActiveCfg = Release|Win32
		{37DF247D-6797-48BC-AD4C-E40B8722F5A8}.Release|x86.Build.0 = Release|Win32
		{F3BE52E9-0FBD-4EB7-B0C8-B683E0AA3778}.Debug|x64.ActiveCfg = Debug|x64
		{F3BE52E9-0FBD-4EB7-B0C8-B683E0AA3778}.Debug|x64.Build.0 = Debug|x64
		{F3BE52E9-0FBD-4EB7-B0C8-B683E0AA3778}.Debug|x86.ActiveCfg = Debug|Win32
		{F3BE52E9-0FBD-4EB7-B0C8-B683E0AA3778}.Debug|x86.Build.0 = Debug|Win32
		{F3BE52E9-0FBD-4EB7-B0C8-B683E0AA3778}.Release|x64.ActiveCfg = Release|x64
		{F3BE52E9-0FBD-4EB7-B0C8-B683E0AA3778}.Release|x64.Build.0 = Release|x64
		{F3BE52E9-0FBD-4EB7-B0C8-B683E0AA3778}.Release|x86.ActiveCfg = Release|Win32
		{F3BE52E9-0FBD-4EB7-B0C8-B683E0AA3778}.Release|x86.Build.0 = Release|Win32
		{3EEE26D9-C86F-410E-A45B-E56EE724A4D4}.Debug|x64.ActiveCfg = Debug|x64
		{3EEE26D9-C86F-410E-A45B-E56EE724A4D4}.Debug|x64.Build.0 = Debug|x64
		{3EEE26D9-C86F-410E-A45B-E56EE724A4D4}.Debug|x86.ActiveCfg = Debug|Win32
		{3EEE26D9-C86F-410E-A45B-E56EE724A4D4}.Debug|x86.Build.0 = Debug|Win32
		{3EEE26D9-C86F-410E-A45B-E56EE724A4D4}.Release|x64.ActiveCfg = Release|x64
		{3EEE26D9-C86F-410E-A45B-E56EE724A4D4}.Release|x64.Build.0 = Release|x64
		{3EEE26D9-C86F-410E-A45B-E56EE724A4D4}.Release|x86.ActiveCfg = Release|Win32
		{3EEE26D9-C86F-410E-A45B-E56EE724A4D4}.Release|x86.Build.0 = Release|Win32
	EndGlobalSection
	GlobalSection(SolutionProperties) = preSolution
		HideSolutionNode = FALSE
	EndGlobalSection
	GlobalSection(ExtensibilityGlobals) = postSolution
		SolutionGuid = {5264AD6D-1D06-420C-AD2E-0280BCB81EDA}
	EndGlobalSection
EndGlobal
